
Microsoft Visual Studio Solution File, Format Version 12.00
# Visual Studio 15
VisualStudioVersion = 15.0.26730.3
MinimumVisualStudioVersion = 10.0.40219.1
Project("{9A19103F-16F7-4668-BE54-9A1E7A4F7556}") = "SportsVaralaaruAPI", "SportsVaralaaruAPI\SportsVaralaaruAPI.csproj", "{D5D56EFE-1580-4BF1-8B06-AEB8A5D60468}"
EndProject
Project("{9A19103F-16F7-4668-BE54-9A1E7A4F7556}") = "SportsVaralaaruWeb", "SportsVaralaaru\SportsVaralaaruWeb.csproj", "{7D4AECED-9CB6-4675-8697-EF4F9A6CEF64}"
EndProject
Project("{00D1A9C2-B5F0-4AF3-8072-F6C62B433612}") = "SportsVaralaaruSQLDatabase", "SportsVaralaaruSQLDatabase\SportsVaralaaruSQLDatabase.sqlproj", "{ACFDBD62-A6BA-4D29-BB4F-96B7AB4B2F23}"
EndProject
Global
	GlobalSection(SolutionConfigurationPlatforms) = preSolution
		Debug|Any CPU = Debug|Any CPU
		Release|Any CPU = Release|Any CPU
	EndGlobalSection
	GlobalSection(ProjectConfigurationPlatforms) = postSolution
		{D5D56EFE-1580-4BF1-8B06-AEB8A5D60468}.Debug|Any CPU.ActiveCfg = Debug|Any CPU
		{D5D56EFE-1580-4BF1-8B06-AEB8A5D60468}.Debug|Any CPU.Build.0 = Debug|Any CPU
		{D5D56EFE-1580-4BF1-8B06-AEB8A5D60468}.Release|Any CPU.ActiveCfg = Release|Any CPU
		{D5D56EFE-1580-4BF1-8B06-AEB8A5D60468}.Release|Any CPU.Build.0 = Release|Any CPU
		{7D4AECED-9CB6-4675-8697-EF4F9A6CEF64}.Debug|Any CPU.ActiveCfg = Debug|Any CPU
		{7D4AECED-9CB6-4675-8697-EF4F9A6CEF64}.Debug|Any CPU.Build.0 = Debug|Any CPU
		{7D4AECED-9CB6-4675-8697-EF4F9A6CEF64}.Release|Any CPU.ActiveCfg = Release|Any CPU
		{7D4AECED-9CB6-4675-8697-EF4F9A6CEF64}.Release|Any CPU.Build.0 = Release|Any CPU
		{ACFDBD62-A6BA-4D29-BB4F-96B7AB4B2F23}.Debug|Any CPU.ActiveCfg = Debug|Any CPU
		{ACFDBD62-A6BA-4D29-BB4F-96B7AB4B2F23}.Debug|Any CPU.Build.0 = Debug|Any CPU
		{ACFDBD62-A6BA-4D29-BB4F-96B7AB4B2F23}.Debug|Any CPU.Deploy.0 = Debug|Any CPU
		{ACFDBD62-A6BA-4D29-BB4F-96B7AB4B2F23}.Release|Any CPU.ActiveCfg = Release|Any CPU
		{ACFDBD62-A6BA-4D29-BB4F-96B7AB4B2F23}.Release|Any CPU.Build.0 = Release|Any CPU
		{ACFDBD62-A6BA-4D29-BB4F-96B7AB4B2F23}.Release|Any CPU.Deploy.0 = Release|Any CPU
	EndGlobalSection
	GlobalSection(SolutionProperties) = preSolution
		HideSolutionNode = FALSE
	EndGlobalSection
	GlobalSection(ExtensibilityGlobals) = postSolution
		SolutionGuid = {06737208-B76A-4F62-86D7-AD71F402B103}
	EndGlobalSection
EndGlobal
